// !$*UTF8*$!
{
	archiveVersion = 1;
	classes = {
	};
	objectVersion = 77;
	objects = {

/* Begin PBXBuildFile section */
		C05406EF2F354DA900231EFE /* Auth in Frameworks */ = {isa = PBXBuildFile; productRef = C05406EE2F354DA900231EFE /* Auth */; };
		C05406F12F354DA900231EFE /* PostgREST in Frameworks */ = {isa = PBXBuildFile; productRef = C05406F02F354DA900231EFE /* PostgREST */; };
		C05406F32F354DA900231EFE /* Storage in Frameworks */ = {isa = PBXBuildFile; productRef = C05406F22F354DA900231EFE /* Storage */; };
		C05406F52F354DA900231EFE /* Supabase in Frameworks */ = {isa = PBXBuildFile; productRef = C05406F42F354DA900231EFE /* Supabase */; };
		C0584BEC2F44D05A00C48119 /* GoogleSignIn in Frameworks */ = {isa = PBXBuildFile; productRef = C0584BEB2F44D05A00C48119 /* GoogleSignIn */; };
/* End PBXBuildFile section */

/* Begin PBXContainerItemProxy section */
		C05406CD2F33E33E00231EFE /* PBXContainerItemProxy */ = {
			isa = PBXContainerItemProxy;
			containerPortal = C05406B22F33E33D00231EFE /* Project object */;
			proxyType = 1;
			remoteGlobalIDString = C05406B92F33E33D00231EFE;
			remoteInfo = "Focus IOS";
		};
		C05406D72F33E33E00231EFE /* PBXContainerItemProxy */ = {
			isa = PBXContainerItemProxy;
			containerPortal = C05406B22F33E33D00231EFE /* Project object */;
			proxyType = 1;
			remoteGlobalIDString = C05406B92F33E33D00231EFE;
			remoteInfo = "Focus IOS";
		};
/* End PBXContainerItemProxy section */

/* Begin PBXFileReference section */
		C05406BA2F33E33D00231EFE /* Focus IOS.app */ = {isa = PBXFileReference; explicitFileType = wrapper.application; includeInIndex = 0; path = "Focus IOS.app"; sourceTree = BUILT_PRODUCTS_DIR; };
		C05406CC2F33E33E00231EFE /* Focus IOSTests.xctest */ = {isa = PBXFileReference; explicitFileType = wrapper.cfbundle; includeInIndex = 0; path = "Focus IOSTests.xctest"; sourceTree = BUILT_PRODUCTS_DIR; };
		C05406D62F33E33E00231EFE /* Focus IOSUITests.xctest */ = {isa = PBXFileReference; explicitFileType = wrapper.cfbundle; includeInIndex = 0; path = "Focus IOSUITests.xctest"; sourceTree = BUILT_PRODUCTS_DIR; };
/* End PBXFileReference section */

/* Begin PBXFileSystemSynchronizedRootGroup section */
		C05406BC2F33E33D00231EFE /* Focus IOS */ = {
			isa = PBXFileSystemSynchronizedRootGroup;
			path = "Focus IOS";
			sourceTree = "<group>";
		};
		C05406CF2F33E33E00231EFE /* Focus IOSTests */ = {
			isa = PBXFileSystemSynchronizedRootGroup;
			path = "Focus IOSTests";
			sourceTree = "<group>";
		};
		C05406D92F33E33E00231EFE /* Focus IOSUITests */ = {
			isa = PBXFileSystemSynchronizedRootGroup;
			path = "Focus IOSUITests";
			sourceTree = "<group>";
		};
/* End PBXFileSystemSynchronizedRootGroup section */

/* Begin PBXFrameworksBuildPhase section */
		C05406B72F33E33D00231EFE /* Frameworks */ = {
			isa = PBXFrameworksBuildPhase;
			buildActionMask = 2147483647;
			files = (
				C0584BEC2F44D05A00C48119 /* GoogleSignIn in Frameworks */,
				C05406F52F354DA900231EFE /* Supabase in Frameworks */,
				C05406F32F354DA900231EFE /* Storage in Frameworks */,
				C05406F12F354DA900231EFE /* PostgREST in Frameworks */,
				C05406EF2F354DA900231EFE /* Auth in Frameworks */,
			);
			runOnlyForDeploymentPostprocessing = 0;
		};
		C05406C92F33E33E00231EFE /* Frameworks */ = {
			isa = PBXFrameworksBuildPhase;
			buildActionMask = 2147483647;
			files = (
			);
			runOnlyForDeploymentPostprocessing = 0;
		};
		C05406D32F33E33E00231EFE /* Frameworks */ = {
			isa = PBXFrameworksBuildPhase;
			buildActionMask = 2147483647;
			files = (
			);
			runOnlyForDeploymentPostprocessing = 0;
		};
/* End PBXFrameworksBuildPhase section */

/* Begin PBXGroup section */
		C05406B12F33E33D00231EFE = {
			isa = PBXGroup;
			children = (
				C05406BC2F33E33D00231EFE /* Focus IOS */,
				C05406CF2F33E33E00231EFE /* Focus IOSTests */,
				C05406D92F33E33E00231EFE /* Focus IOSUITests */,
				C05406BB2F33E33D00231EFE /* Products */,
			);
			sourceTree = "<group>";
		};
		C05406BB2F33E33D00231EFE /* Products */ = {
			isa = PBXGroup;
			children = (
				C05406BA2F33E33D00231EFE /* Focus IOS.app */,
				C05406CC2F33E33E00231EFE /* Focus IOSTests.xctest */,
				C05406D62F33E33E00231EFE /* Focus IOSUITests.xctest */,
			);
			name = Products;
			sourceTree = "<group>";
		};
/* End PBXGroup section */

/* Begin PBXNativeTarget section */
		C05406B92F33E33D00231EFE /* Focus IOS */ = {
			isa = PBXNativeTarget;
			buildConfigurationList = C05406E02F33E33E00231EFE /* Build configuration list for PBXNativeTarget "Focus IOS" */;
			buildPhases = (
				C05406B62F33E33D00231EFE /* Sources */,
				C05406B72F33E33D00231EFE /* Frameworks */,
				C05406B82F33E33D00231EFE /* Resources */,
			);
			buildRules = (
			);
			dependencies = (
			);
			fileSystemSynchronizedGroups = (
				C05406BC2F33E33D00231EFE /* Focus IOS */,
			);
			name = "Focus IOS";
			packageProductDependencies = (
				C05406EE2F354DA900231EFE /* Auth */,
				C05406F02F354DA900231EFE /* PostgREST */,
				C05406F22F354DA900231EFE /* Storage */,
				C05406F42F354DA900231EFE /* Supabase */,
				C0584BEB2F44D05A00C48119 /* GoogleSignIn */,
			);
			productName = "Focus IOS";
			productReference = C05406BA2F33E33D00231EFE /* Focus IOS.app */;
			productType = "com.apple.product-type.application";
		};
		C05406CB2F33E33E00231EFE /* Focus IOSTests */ = {
			isa = PBXNativeTarget;
			buildConfigurationList = C05406E32F33E33E00231EFE /* Build configuration list for PBXNativeTarget "Focus IOSTests" */;
			buildPhases = (
				C05406C82F33E33E00231EFE /* Sources */,
				C05406C92F33E33E00231EFE /* Frameworks */,
				C05406CA2F33E33E00231EFE /* Resources */,
			);
			buildRules = (
			);
			dependencies = (
				C05406CE2F33E33E00231EFE /* PBXTargetDependency */,
			);
			fileSystemSynchronizedGroups = (
				C05406CF2F33E33E00231EFE /* Focus IOSTests */,
			);
			name = "Focus IOSTests";
			packageProductDependencies = (
			);
			productName = "Focus IOSTests";
			productReference = C05406CC2F33E33E00231EFE /* Focus IOSTests.xctest */;
			productType = "com.apple.product-type.bundle.unit-test";
		};
		C05406D52F33E33E00231EFE /* Focus IOSUITests */ = {
			isa = PBXNativeTarget;
			buildConfigurationList = C05406E62F33E33E00231EFE /* Build configuration list for PBXNativeTarget "Focus IOSUITests" */;
			buildPhases = (
				C05406D22F33E33E00231EFE /* Sources */,
				C05406D32F33E33E00231EFE /* Frameworks */,
				C05406D42F33E33E00231EFE /* Resources */,
			);
			buildRules = (
			);
			dependencies = (
				C05406D82F33E33E00231EFE /* PBXTargetDependency */,
			);
			fileSystemSynchronizedGroups = (
				C05406D92F33E33E00231EFE /* Focus IOSUITests */,
			);
			name = "Focus IOSUITests";
			packageProductDependencies = (
			);
			productName = "Focus IOSUITests";
			productReference = C05406D62F33E33E00231EFE /* Focus IOSUITests.xctest */;
			productType = "com.apple.product-type.bundle.ui-testing";
		};
/* End PBXNativeTarget section */

/* Begin PBXProject section */
		C05406B22F33E33D00231EFE /* Project object */ = {
			isa = PBXProject;
			attributes = {
				BuildIndependentTargetsInParallel = 1;
				LastSwiftUpdateCheck = 2620;
				LastUpgradeCheck = 2630;
				TargetAttributes = {
					C05406B92F33E33D00231EFE = {
						CreatedOnToolsVersion = 26.2;
					};
					C05406CB2F33E33E00231EFE = {
						CreatedOnToolsVersion = 26.2;
						TestTargetID = C05406B92F33E33D00231EFE;
					};
					C05406D52F33E33E00231EFE = {
						CreatedOnToolsVersion = 26.2;
						TestTargetID = C05406B92F33E33D00231EFE;
					};
				};
			};
			buildConfigurationList = C05406B52F33E33D00231EFE /* Build configuration list for PBXProject "Focus IOS" */;
			developmentRegion = en;
			hasScannedForEncodings = 0;
			knownRegions = (
				en,
				Base,
				es,
				fr,
			);
			mainGroup = C05406B12F33E33D00231EFE;
			minimizedProjectReferenceProxies = 1;
			packageReferences = (
				C05406ED2F354DA900231EFE /* XCRemoteSwiftPackageReference "supabase-swift" */,
				C0584BEA2F44D05A00C48119 /* XCRemoteSwiftPackageReference "GoogleSignIn-iOS" */,
			);
			preferredProjectObjectVersion = 77;
			productRefGroup = C05406BB2F33E33D00231EFE /* Products */;
			projectDirPath = "";
			projectRoot = "";
			targets = (
				C05406B92F33E33D00231EFE /* Focus IOS */,
				C05406CB2F33E33E00231EFE /* Focus IOSTests */,
				C05406D52F33E33E00231EFE /* Focus IOSUITests */,
			);
		};
/* End PBXProject section */

/* Begin PBXResourcesBuildPhase section */
		C05406B82F33E33D00231EFE /* Resources */ = {
			isa = PBXResourcesBuildPhase;
			buildActionMask = 2147483647;
			files = (
			);
			runOnlyForDeploymentPostprocessing = 0;
		};
		C05406CA2F33E33E00231EFE /* Resources */ = {
			isa = PBXResourcesBuildPhase;
			buildActionMask = 2147483647;
			files = (
			);
			runOnlyForDeploymentPostprocessing = 0;
		};
		C05406D42F33E33E00231EFE /* Resources */ = {
			isa = PBXResourcesBuildPhase;
			buildActionMask = 2147483647;
			files = (
			);
			runOnlyForDeploymentPostprocessing = 0;
		};
/* End PBXResourcesBuildPhase section */

/* Begin PBXSourcesBuildPhase section */
		C05406B62F33E33D00231EFE /* Sources */ = {
			isa = PBXSourcesBuildPhase;
			buildActionMask = 2147483647;
			files = (
			);
			runOnlyForDeploymentPostprocessing = 0;
		};
		C05406C82F33E33E00231EFE /* Sources */ = {
			isa = PBXSourcesBuildPhase;
			buildActionMask = 2147483647;
			files = (
			);
			runOnlyForDeploymentPostprocessing = 0;
		};
		C05406D22F33E33E00231EFE /* Sources */ = {
			isa = PBXSourcesBuildPhase;
			buildActionMask = 2147483647;
			files = (
			);
			runOnlyForDeploymentPostprocessing = 0;
		};
/* End PBXSourcesBuildPhase section */

/* Begin PBXTargetDependency section */
		C05406CE2F33E33E00231EFE /* PBXTargetDependency */ = {
			isa = PBXTargetDependency;
			target = C05406B92F33E33D00231EFE /* Focus IOS */;
			targetProxy = C05406CD2F33E33E00231EFE /* PBXContainerItemProxy */;
		};
		C05406D82F33E33E00231EFE /* PBXTargetDependency */ = {
			isa = PBXTargetDependency;
			target = C05406B92F33E33D00231EFE /* Focus IOS */;
			targetProxy = C05406D72F33E33E00231EFE /* PBXContainerItemProxy */;
		};
/* End PBXTargetDependency section */

/* Begin XCBuildConfiguration section */
		C05406DE2F33E33E00231EFE /* Debug */ = {
			isa = XCBuildConfiguration;
			buildSettings = {
				ALWAYS_SEARCH_USER_PATHS = NO;
				ASSETCATALOG_COMPILER_GENERATE_SWIFT_ASSET_SYMBOL_EXTENSIONS = YES;
				CLANG_ANALYZER_LOCALIZABILITY_NONLOCALIZED = YES;
				CLANG_ANALYZER_NONNULL = YES;
				CLANG_ANALYZER_NUMBER_OBJECT_CONVERSION = YES_AGGRESSIVE;
				CLANG_CXX_LANGUAGE_STANDARD = "gnu++20";
				CLANG_ENABLE_MODULES = YES;
				CLANG_ENABLE_OBJC_ARC = YES;
				CLANG_ENABLE_OBJC_WEAK = YES;
				CLANG_WARN_BLOCK_CAPTURE_AUTORELEASING = YES;
				CLANG_WARN_BOOL_CONVERSION = YES;
				CLANG_WARN_COMMA = YES;
				CLANG_WARN_CONSTANT_CONVERSION = YES;
				CLANG_WARN_DEPRECATED_OBJC_IMPLEMENTATIONS = YES;
				CLANG_WARN_DIRECT_OBJC_ISA_USAGE = YES_ERROR;
				CLANG_WARN_DOCUMENTATION_COMMENTS = YES;
				CLANG_WARN_EMPTY_BODY = YES;
				CLANG_WARN_ENUM_CONVERSION = YES;
				CLANG_WARN_INFINITE_RECURSION = YES;
				CLANG_WARN_INT_CONVERSION = YES;
				CLANG_WARN_NON_LITERAL_NULL_CONVERSION = YES;
				CLANG_WARN_OBJC_IMPLICIT_RETAIN_SELF = YES;
				CLANG_WARN_OBJC_LITERAL_CONVERSION = YES;
				CLANG_WARN_OBJC_ROOT_CLASS = YES_ERROR;
				CLANG_WARN_QUOTED_INCLUDE_IN_FRAMEWORK_HEADER = YES;
				CLANG_WARN_RANGE_LOOP_ANALYSIS = YES;
				CLANG_WARN_STRICT_PROTOTYPES = YES;
				CLANG_WARN_SUSPICIOUS_MOVE = YES;
				CLANG_WARN_UNGUARDED_AVAILABILITY = YES_AGGRESSIVE;
				CLANG_WARN_UNREACHABLE_CODE = YES;
				CLANG_WARN__DUPLICATE_METHOD_MATCH = YES;
				COPY_PHASE_STRIP = NO;
				DEBUG_INFORMATION_FORMAT = dwarf;
				ENABLE_STRICT_OBJC_MSGSEND = YES;
				ENABLE_TESTABILITY = YES;
				ENABLE_USER_SCRIPT_SANDBOXING = YES;
				GCC_C_LANGUAGE_STANDARD = gnu17;
				GCC_DYNAMIC_NO_PIC = NO;
				GCC_NO_COMMON_BLOCKS = YES;
				GCC_OPTIMIZATION_LEVEL = 0;
				GCC_PREPROCESSOR_DEFINITIONS = (
					"DEBUG=1",
					"$(inherited)",
				);
				GCC_WARN_64_TO_32_BIT_CONVERSION = YES;
				GCC_WARN_ABOUT_RETURN_TYPE = YES_ERROR;
				GCC_WARN_UNDECLARED_SELECTOR = YES;
				GCC_WARN_UNINITIALIZED_AUTOS = YES_AGGRESSIVE;
				GCC_WARN_UNUSED_FUNCTION = YES;
				GCC_WARN_UNUSED_VARIABLE = YES;
				IPHONEOS_DEPLOYMENT_TARGET = 26.2;
				LOCALIZATION_PREFERS_STRING_CATALOGS = YES;
				MTL_ENABLE_DEBUG_INFO = INCLUDE_SOURCE;
				MTL_FAST_MATH = YES;
				ONLY_ACTIVE_ARCH = YES;
				SDKROOT = iphoneos;
				STRING_CATALOG_GENERATE_SYMBOLS = YES;
				SWIFT_ACTIVE_COMPILATION_CONDITIONS = "DEBUG $(inherited)";
				SWIFT_OPTIMIZATION_LEVEL = "-Onone";
			};
			name = Debug;
		};
		C05406DF2F33E33E00231EFE /* Release */ = {
			isa = XCBuildConfiguration;
			buildSettings = {
				ALWAYS_SEARCH_USER_PATHS = NO;
				ASSETCATALOG_COMPILER_GENERATE_SWIFT_ASSET_SYMBOL_EXTENSIONS = YES;
				CLANG_ANALYZER_LOCALIZABILITY_NONLOCALIZED = YES;
				CLANG_ANALYZER_NONNULL = YES;
				CLANG_ANALYZER_NUMBER_OBJECT_CONVERSION = YES_AGGRESSIVE;
				CLANG_CXX_LANGUAGE_STANDARD = "gnu++20";
				CLANG_ENABLE_MODULES = YES;
				CLANG_ENABLE_OBJC_ARC = YES;
				CLANG_ENABLE_OBJC_WEAK = YES;
				CLANG_WARN_BLOCK_CAPTURE_AUTORELEASING = YES;
				CLANG_WARN_BOOL_CONVERSION = YES;
				CLANG_WARN_COMMA = YES;
				CLANG_WARN_CONSTANT_CONVERSION = YES;
				CLANG_WARN_DEPRECATED_OBJC_IMPLEMENTATIONS = YES;
				CLANG_WARN_DIRECT_OBJC_ISA_USAGE = YES_ERROR;
				CLANG_WARN_DOCUMENTATION_COMMENTS = YES;
				CLANG_WARN_EMPTY_BODY = YES;
				CLANG_WARN_ENUM_CONVERSION = YES;
				CLANG_WARN_INFINITE_RECURSION = YES;
				CLANG_WARN_INT_CONVERSION = YES;
				CLANG_WARN_NON_LITERAL_NULL_CONVERSION = YES;
				CLANG_WARN_OBJC_IMPLICIT_RETAIN_SELF = YES;
				CLANG_WARN_OBJC_LITERAL_CONVERSION = YES;
				CLANG_WARN_OBJC_ROOT_CLASS = YES_ERROR;
				CLANG_WARN_QUOTED_INCLUDE_IN_FRAMEWORK_HEADER = YES;
				CLANG_WARN_RANGE_LOOP_ANALYSIS = YES;
				CLANG_WARN_STRICT_PROTOTYPES = YES;
				CLANG_WARN_SUSPICIOUS_MOVE = YES;
				CLANG_WARN_UNGUARDED_AVAILABILITY = YES_AGGRESSIVE;
				CLANG_WARN_UNREACHABLE_CODE = YES;
				CLANG_WARN__DUPLICATE_METHOD_MATCH = YES;
				COPY_PHASE_STRIP = NO;
				DEBUG_INFORMATION_FORMAT = "dwarf-with-dsym";
				ENABLE_NS_ASSERTIONS = NO;
				ENABLE_STRICT_OBJC_MSGSEND = YES;
				ENABLE_USER_SCRIPT_SANDBOXING = YES;
				GCC_C_LANGUAGE_STANDARD = gnu17;
				GCC_NO_COMMON_BLOCKS = YES;
				GCC_WARN_64_TO_32_BIT_CONVERSION = YES;
				GCC_WARN_ABOUT_RETURN_TYPE = YES_ERROR;
				GCC_WARN_UNDECLARED_SELECTOR = YES;
				GCC_WARN_UNINITIALIZED_AUTOS = YES_AGGRESSIVE;
				GCC_WARN_UNUSED_FUNCTION = YES;
				GCC_WARN_UNUSED_VARIABLE = YES;
				IPHONEOS_DEPLOYMENT_TARGET = 26.2;
				LOCALIZATION_PREFERS_STRING_CATALOGS = YES;
				MTL_ENABLE_DEBUG_INFO = NO;
				MTL_FAST_MATH = YES;
				SDKROOT = iphoneos;
				STRING_CATALOG_GENERATE_SYMBOLS = YES;
				SWIFT_COMPILATION_MODE = wholemodule;
				VALIDATE_PRODUCT = YES;
			};
			name = Release;
		};
		C05406E12F33E33E00231EFE /* Debug */ = {
			isa = XCBuildConfiguration;
			buildSettings = {
				ASSETCATALOG_COMPILER_APPICON_NAME = AppIcon;
				ASSETCATALOG_COMPILER_GLOBAL_ACCENT_COLOR_NAME = AccentColor;
				CODE_SIGN_ENTITLEMENTS = "Focus IOS/Focus IOS.entitlements";
				CODE_SIGN_STYLE = Automatic;
				CURRENT_PROJECT_VERSION = 1;
				DEVELOPMENT_TEAM = 86KUKZ6XT9;
				ENABLE_PREVIEWS = YES;
				GENERATE_INFOPLIST_FILE = YES;
				INFOPLIST_FILE = Info.plist;
				INFOPLIST_KEY_UIApplicationSceneManifest_Generation = YES;
				INFOPLIST_KEY_UIApplicationSupportsIndirectInputEvents = YES;
				INFOPLIST_KEY_UILaunchScreen_Generation = YES;
				INFOPLIST_KEY_UISupportedInterfaceOrientations_iPad = UIInterfaceOrientationPortrait;
				INFOPLIST_KEY_UISupportedInterfaceOrientations_iPhone = UIInterfaceOrientationPortrait;
				LD_RUNPATH_SEARCH_PATHS = (
					"$(inherited)",
					"@executable_path/Frameworks",
				);
				MARKETING_VERSION = 1.0;
				PRODUCT_BUNDLE_IDENTIFIER = "Focus.App.Focus-IOS";
				PRODUCT_NAME = "$(TARGET_NAME)";
				STRING_CATALOG_GENERATE_SYMBOLS = NO;
				SWIFT_APPROACHABLE_CONCURRENCY = YES;
				SWIFT_DEFAULT_ACTOR_ISOLATION = MainActor;
				SWIFT_EMIT_LOC_STRINGS = YES;
				SWIFT_UPCOMING_FEATURE_MEMBER_IMPORT_VISIBILITY = YES;
				SWIFT_VERSION = 6.0;
				TARGETED_DEVICE_FAMILY = "1,2";
			};
			name = Debug;
		};
		C05406E22F33E33E00231EFE /* Release */ = {
			isa = XCBuildConfiguration;
			buildSettings = {
				ASSETCATALOG_COMPILER_APPICON_NAME = AppIcon;
				ASSETCATALOG_COMPILER_GLOBAL_ACCENT_COLOR_NAME = AccentColor;
				CODE_SIGN_ENTITLEMENTS = "Focus IOS/Focus IOS.entitlements";
				CODE_SIGN_STYLE = Automatic;
				CURRENT_PROJECT_VERSION = 1;
				DEVELOPMENT_TEAM = 86KUKZ6XT9;
				ENABLE_PREVIEWS = YES;
				GENERATE_INFOPLIST_FILE = YES;
				INFOPLIST_FILE = Info.plist;
				INFOPLIST_KEY_UIApplicationSceneManifest_Generation = YES;
				INFOPLIST_KEY_UIApplicationSupportsIndirectInputEvents = YES;
				INFOPLIST_KEY_UILaunchScreen_Generation = YES;
				INFOPLIST_KEY_UISupportedInterfaceOrientations_iPad = UIInterfaceOrientationPortrait;
				INFOPLIST_KEY_UISupportedInterfaceOrientations_iPhone = UIInterfaceOrientationPortrait;
				LD_RUNPATH_SEARCH_PATHS = (
					"$(inherited)",
					"@executable_path/Frameworks",
				);
				MARKETING_VERSION = 1.0;
				PRODUCT_BUNDLE_IDENTIFIER = "Focus.App.Focus-IOS";
				PRODUCT_NAME = "$(TARGET_NAME)";
				STRING_CATALOG_GENERATE_SYMBOLS = NO;
				SWIFT_APPROACHABLE_CONCURRENCY = YES;
				SWIFT_DEFAULT_ACTOR_ISOLATION = MainActor;
				SWIFT_EMIT_LOC_STRINGS = YES;
				SWIFT_UPCOMING_FEATURE_MEMBER_IMPORT_VISIBILITY = YES;
				SWIFT_VERSION = 6.0;
				TARGETED_DEVICE_FAMILY = "1,2";
			};
			name = Release;
		};
		C05406E42F33E33E00231EFE /* Debug */ = {
			isa = XCBuildConfiguration;
			buildSettings = {
				BUNDLE_LOADER = "$(TEST_HOST)";
				CODE_SIGN_STYLE = Automatic;
				CURRENT_PROJECT_VERSION = 1;
				GENERATE_INFOPLIST_FILE = YES;
				IPHONEOS_DEPLOYMENT_TARGET = 26.2;
				MARKETING_VERSION = 1.0;
				PRODUCT_BUNDLE_IDENTIFIER = "Focus.App.Focus-IOSTests";
				PRODUCT_NAME = "$(TARGET_NAME)";
				STRING_CATALOG_GENERATE_SYMBOLS = NO;
				SWIFT_APPROACHABLE_CONCURRENCY = YES;
				SWIFT_EMIT_LOC_STRINGS = NO;
				SWIFT_UPCOMING_FEATURE_MEMBER_IMPORT_VISIBILITY = YES;
				SWIFT_VERSION = 6.0;
				TARGETED_DEVICE_FAMILY = "1,2";
				TEST_HOST = "$(BUILT_PRODUCTS_DIR)/Focus IOS.app/$(BUNDLE_EXECUTABLE_FOLDER_PATH)/Focus IOS";
			};
			name = Debug;
		};
		C05406E52F33E33E00231EFE /* Release */ = {
			isa = XCBuildConfiguration;
			buildSettings = {
				BUNDLE_LOADER = "$(TEST_HOST)";
				CODE_SIGN_STYLE = Automatic;
				CURRENT_PROJECT_VERSION = 1;
				GENERATE_INFOPLIST_FILE = YES;
				IPHONEOS_DEPLOYMENT_TARGET = 26.2;
				MARKETING_VERSION = 1.0;
				PRODUCT_BUNDLE_IDENTIFIER = "Focus.App.Focus-IOSTests";
				PRODUCT_NAME = "$(TARGET_NAME)";
				STRING_CATALOG_GENERATE_SYMBOLS = NO;
				SWIFT_APPROACHABLE_CONCURRENCY = YES;
				SWIFT_EMIT_LOC_STRINGS = NO;
				SWIFT_UPCOMING_FEATURE_MEMBER_IMPORT_VISIBILITY = YES;
				SWIFT_VERSION = 6.0;
				TARGETED_DEVICE_FAMILY = "1,2";
				TEST_HOST = "$(BUILT_PRODUCTS_DIR)/Focus IOS.app/$(BUNDLE_EXECUTABLE_FOLDER_PATH)/Focus IOS";
			};
			name = Release;
		};
		C05406E72F33E33E00231EFE /* Debug */ = {
			isa = XCBuildConfiguration;
			buildSettings = {
				CODE_SIGN_STYLE = Automatic;
				CURRENT_PROJECT_VERSION = 1;
				GENERATE_INFOPLIST_FILE = YES;
				MARKETING_VERSION = 1.0;
				PRODUCT_BUNDLE_IDENTIFIER = "Focus.App.Focus-IOSUITests";
				PRODUCT_NAME = "$(TARGET_NAME)";
				STRING_CATALOG_GENERATE_SYMBOLS = NO;
				SWIFT_APPROACHABLE_CONCURRENCY = YES;
				SWIFT_EMIT_LOC_STRINGS = NO;
				SWIFT_UPCOMING_FEATURE_MEMBER_IMPORT_VISIBILITY = YES;
				SWIFT_VERSION = 6.0;
				TARGETED_DEVICE_FAMILY = "1,2";
				TEST_TARGET_NAME = "Focus IOS";
			};
			name = Debug;
		};
		C05406E82F33E33E00231EFE /* Release */ = {
			isa = XCBuildConfiguration;
			buildSettings = {
				CODE_SIGN_STYLE = Automatic;
				CURRENT_PROJECT_VERSION = 1;
				GENERATE_INFOPLIST_FILE = YES;
				MARKETING_VERSION = 1.0;
				PRODUCT_BUNDLE_IDENTIFIER = "Focus.App.Focus-IOSUITests";
				PRODUCT_NAME = "$(TARGET_NAME)";
				STRING_CATALOG_GENERATE_SYMBOLS = NO;
				SWIFT_APPROACHABLE_CONCURRENCY = YES;
				SWIFT_EMIT_LOC_STRINGS = NO;
				SWIFT_UPCOMING_FEATURE_MEMBER_IMPORT_VISIBILITY = YES;
				SWIFT_VERSION = 6.0;
				TARGETED_DEVICE_FAMILY = "1,2";
				TEST_TARGET_NAME = "Focus IOS";
			};
			name = Release;
		};
/* End XCBuildConfiguration section */

/* Begin XCConfigurationList section */
		C05406B52F33E33D00231EFE /* Build configuration list for PBXProject "Focus IOS" */ = {
			isa = XCConfigurationList;
			buildConfigurations = (
				C05406DE2F33E33E00231EFE /* Debug */,
				C05406DF2F33E33E00231EFE /* Release */,
			);
			defaultConfigurationIsVisible = 0;
			defaultConfigurationName = Release;
		};
		C05406E02F33E33E00231EFE /* Build configuration list for PBXNativeTarget "Focus IOS" */ = {
			isa = XCConfigurationList;
			buildConfigurations = (
				C05406E12F33E33E00231EFE /* Debug */,
				C05406E22F33E33E00231EFE /* Release */,
			);
			defaultConfigurationIsVisible = 0;
			defaultConfigurationName = Release;
		};
		C05406E32F33E33E00231EFE /* Build configuration list for PBXNativeTarget "Focus IOSTests" */ = {
			isa = XCConfigurationList;
			buildConfigurations = (
				C05406E42F33E33E00231EFE /* Debug */,
				C05406E52F33E33E00231EFE /* Release */,
			);
			defaultConfigurationIsVisible = 0;
			defaultConfigurationName = Release;
		};
		C05406E62F33E33E00231EFE /* Build configuration list for PBXNativeTarget "Focus IOSUITests" */ = {
			isa = XCConfigurationList;
			buildConfigurations = (
				C05406E72F33E33E00231EFE /* Debug */,
				C05406E82F33E33E00231EFE /* Release */,
			);
			defaultConfigurationIsVisible = 0;
			defaultConfigurationName = Release;
		};
/* End XCConfigurationList section */

/* Begin XCRemoteSwiftPackageReference section */
		C05406ED2F354DA900231EFE /* XCRemoteSwiftPackageReference "supabase-swift" */ = {
			isa = XCRemoteSwiftPackageReference;
			repositoryURL = "https://github.com/supabase/supabase-swift";
			requirement = {
				kind = upToNextMajorVersion;
				minimumVersion = 2.5.1;
			};
		};
		C0584BEA2F44D05A00C48119 /* XCRemoteSwiftPackageReference "GoogleSignIn-iOS" */ = {
			isa = XCRemoteSwiftPackageReference;
			repositoryURL = "https://github.com/google/GoogleSignIn-iOS";
			requirement = {
				kind = upToNextMajorVersion;
				minimumVersion = 9.1.0;
			};
		};
/* End XCRemoteSwiftPackageReference section */

/* Begin XCSwiftPackageProductDependency section */
		C05406EE2F354DA900231EFE /* Auth */ = {
			isa = XCSwiftPackageProductDependency;
			package = C05406ED2F354DA900231EFE /* XCRemoteSwiftPackageReference "supabase-swift" */;
			productName = Auth;
		};
		C05406F02F354DA900231EFE /* PostgREST */ = {
			isa = XCSwiftPackageProductDependency;
			package = C05406ED2F354DA900231EFE /* XCRemoteSwiftPackageReference "supabase-swift" */;
			productName = PostgREST;
		};
		C05406F22F354DA900231EFE /* Storage */ = {
			isa = XCSwiftPackageProductDependency;
			package = C05406ED2F354DA900231EFE /* XCRemoteSwiftPackageReference "supabase-swift" */;
			productName = Storage;
		};
		C05406F42F354DA900231EFE /* Supabase */ = {
			isa = XCSwiftPackageProductDependency;
			package = C05406ED2F354DA900231EFE /* XCRemoteSwiftPackageReference "supabase-swift" */;
			productName = Supabase;
		};
		C0584BEB2F44D05A00C48119 /* GoogleSignIn */ = {
			isa = XCSwiftPackageProductDependency;
			package = C0584BEA2F44D05A00C48119 /* XCRemoteSwiftPackageReference "GoogleSignIn-iOS" */;
			productName = GoogleSignIn;
		};
/* End XCSwiftPackageProductDependency section */
	};
	rootObject = C05406B22F33E33D00231EFE /* Project object */;
}
